
Microsoft Visual Studio Solution File, Format Version 12.00
Project("{FAE04EC0-301F-11D3-BF4B-00C04F79EFBC}") = "Homework01", "Homework01\Homework01.csproj", "{CD154B9F-16E6-489C-BF63-019B923DAF45}"
EndProject
Project("{FAE04EC0-301F-11D3-BF4B-00C04F79EFBC}") = "Homework02", "Homework02\Homework02.csproj", "{1397A5BA-41BB-4B5C-A958-02E9FDA361F1}"
EndProject
Project("{FAE04EC0-301F-11D3-BF4B-00C04F79EFBC}") = "Homework03", "Homework03\Homework03.csproj", "{D88542F5-73FD-455A-9427-059152305416}"
EndProject
Project("{2150E333-8FDC-42A3-9474-1A3956D46DE8}") = "HomeWork04", "HomeWork04", "{F6FFB421-BE7E-4AE5-A411-63F435098FB0}"
EndProject
Project("{FAE04EC0-301F-11D3-BF4B-00C04F79EFBC}") = "Homework04Task01", "Homework04Task01\Homework04Task01.csproj", "{5FD8C87B-60EB-48E1-9B75-447D2D15E530}"
EndProject
Project("{FAE04EC0-301F-11D3-BF4B-00C04F79EFBC}") = "Homework04Task02", "Homework04Task02\Homework04Task02.csproj", "{717D20E9-18C0-4FC1-A1B7-166FEE3C5C51}"
EndProject
Project("{2150E333-8FDC-42A3-9474-1A3956D46DE8}") = "Homework05", "Homework05", "{E573B09B-0B23-41ED-995E-51742F5FC53C}"
EndProject
Project("{FAE04EC0-301F-11D3-BF4B-00C04F79EFBC}") = "Homework05Task01", "Homework05Task01\Homework05Task01.csproj", "{FECD4121-DFAB-4AF7-9C16-2E402B1FACE2}"
EndProject
Project("{FAE04EC0-301F-11D3-BF4B-00C04F79EFBC}") = "Homework05Task02", "Homework05Task02\Homework05Task02.csproj", "{58308E51-2F7A-4200-B37E-7F9B16499654}"
EndProject
Project("{2150E333-8FDC-42A3-9474-1A3956D46DE8}") = "Homework06", "Homework06", "{382185B0-8411-4506-80FC-81DF2C4A4A09}"
EndProject
Project("{FAE04EC0-301F-11D3-BF4B-00C04F79EFBC}") = "Homework06-07", "Homework06-07\Homework06-07.csproj", "{88A2957A-ED0B-40C3-BC85-E2E2B1DCD632}"
EndProject
Project("{FAE04EC0-301F-11D3-BF4B-00C04F79EFBC}") = "Utilites", "Utilites\Utilites.csproj", "{4E4FF3A3-B8B1-4820-A9F0-908E61E7C3AE}"
EndProject
Global
	GlobalSection(SolutionConfigurationPlatforms) = preSolution
		Debug|Any CPU = Debug|Any CPU
		Release|Any CPU = Release|Any CPU
	EndGlobalSection
	GlobalSection(ProjectConfigurationPlatforms) = postSolution
		{CD154B9F-16E6-489C-BF63-019B923DAF45}.Debug|Any CPU.ActiveCfg = Debug|Any CPU
		{CD154B9F-16E6-489C-BF63-019B923DAF45}.Debug|Any CPU.Build.0 = Debug|Any CPU
		{CD154B9F-16E6-489C-BF63-019B923DAF45}.Release|Any CPU.ActiveCfg = Release|Any CPU
		{CD154B9F-16E6-489C-BF63-019B923DAF45}.Release|Any CPU.Build.0 = Release|Any CPU
		{1397A5BA-41BB-4B5C-A958-02E9FDA361F1}.Debug|Any CPU.ActiveCfg = Debug|Any CPU
		{1397A5BA-41BB-4B5C-A958-02E9FDA361F1}.Debug|Any CPU.Build.0 = Debug|Any CPU
		{1397A5BA-41BB-4B5C-A958-02E9FDA361F1}.Release|Any CPU.ActiveCfg = Release|Any CPU
		{1397A5BA-41BB-4B5C-A958-02E9FDA361F1}.Release|Any CPU.Build.0 = Release|Any CPU
		{D88542F5-73FD-455A-9427-059152305416}.Debug|Any CPU.ActiveCfg = Debug|Any CPU
		{D88542F5-73FD-455A-9427-059152305416}.Debug|Any CPU.Build.0 = Debug|Any CPU
		{D88542F5-73FD-455A-9427-059152305416}.Release|Any CPU.ActiveCfg = Release|Any CPU
		{D88542F5-73FD-455A-9427-059152305416}.Release|Any CPU.Build.0 = Release|Any CPU
		{5FD8C87B-60EB-48E1-9B75-447D2D15E530}.Debug|Any CPU.ActiveCfg = Debug|Any CPU
		{5FD8C87B-60EB-48E1-9B75-447D2D15E530}.Debug|Any CPU.Build.0 = Debug|Any CPU
		{5FD8C87B-60EB-48E1-9B75-447D2D15E530}.Release|Any CPU.ActiveCfg = Release|Any CPU
		{5FD8C87B-60EB-48E1-9B75-447D2D15E530}.Release|Any CPU.Build.0 = Release|Any CPU
		{717D20E9-18C0-4FC1-A1B7-166FEE3C5C51}.Debug|Any CPU.ActiveCfg = Debug|Any CPU
		{717D20E9-18C0-4FC1-A1B7-166FEE3C5C51}.Debug|Any CPU.Build.0 = Debug|Any CPU
		{717D20E9-18C0-4FC1-A1B7-166FEE3C5C51}.Release|Any CPU.ActiveCfg = Release|Any CPU
		{717D20E9-18C0-4FC1-A1B7-166FEE3C5C51}.Release|Any CPU.Build.0 = Release|Any CPU
		{FECD4121-DFAB-4AF7-9C16-2E402B1FACE2}.Debug|Any CPU.ActiveCfg = Debug|Any CPU
		{FECD4121-DFAB-4AF7-9C16-2E402B1FACE2}.Debug|Any CPU.Build.0 = Debug|Any CPU
		{FECD4121-DFAB-4AF7-9C16-2E402B1FACE2}.Release|Any CPU.ActiveCfg = Release|Any CPU
		{FECD4121-DFAB-4AF7-9C16-2E402B1FACE2}.Release|Any CPU.Build.0 = Release|Any CPU
		{58308E51-2F7A-4200-B37E-7F9B16499654}.Debug|Any CPU.ActiveCfg = Debug|Any CPU
		{58308E51-2F7A-4200-B37E-7F9B16499654}.Debug|Any CPU.Build.0 = Debug|Any CPU
		{58308E51-2F7A-4200-B37E-7F9B16499654}.Release|Any CPU.ActiveCfg = Release|Any CPU
		{58308E51-2F7A-4200-B37E-7F9B16499654}.Release|Any CPU.Build.0 = Release|Any CPU
		{88A2957A-ED0B-40C3-BC85-E2E2B1DCD632}.Debug|Any CPU.ActiveCfg = Debug|Any CPU
		{88A2957A-ED0B-40C3-BC85-E2E2B1DCD632}.Debug|Any CPU.Build.0 = Debug|Any CPU
		{88A2957A-ED0B-40C3-BC85-E2E2B1DCD632}.Release|Any CPU.ActiveCfg = Release|Any CPU
		{88A2957A-ED0B-40C3-BC85-E2E2B1DCD632}.Release|Any CPU.Build.0 = Release|Any CPU
		{4E4FF3A3-B8B1-4820-A9F0-908E61E7C3AE}.Debug|Any CPU.ActiveCfg = Debug|Any CPU
		{4E4FF3A3-B8B1-4820-A9F0-908E61E7C3AE}.Debug|Any CPU.Build.0 = Debug|Any CPU
		{4E4FF3A3-B8B1-4820-A9F0-908E61E7C3AE}.Release|Any CPU.ActiveCfg = Release|Any CPU
		{4E4FF3A3-B8B1-4820-A9F0-908E61E7C3AE}.Release|Any CPU.Build.0 = Release|Any CPU
	EndGlobalSection
	GlobalSection(NestedProjects) = preSolution
		{5FD8C87B-60EB-48E1-9B75-447D2D15E530} = {F6FFB421-BE7E-4AE5-A411-63F435098FB0}
		{717D20E9-18C0-4FC1-A1B7-166FEE3C5C51} = {F6FFB421-BE7E-4AE5-A411-63F435098FB0}
		{FECD4121-DFAB-4AF7-9C16-2E402B1FACE2} = {E573B09B-0B23-41ED-995E-51742F5FC53C}
		{58308E51-2F7A-4200-B37E-7F9B16499654} = {E573B09B-0B23-41ED-995E-51742F5FC53C}
		{88A2957A-ED0B-40C3-BC85-E2E2B1DCD632} = {382185B0-8411-4506-80FC-81DF2C4A4A09}
	EndGlobalSection
EndGlobal
