
Microsoft Visual Studio Solution File, Format Version 12.00
# Visual Studio Version 17
VisualStudioVersion = 17.9.34902.65
MinimumVisualStudioVersion = 10.0.40219.1
Project("{FAE04EC0-301F-11D3-BF4B-00C04F79EFBC}") = "Homework01", "Homework01\Homework01.csproj", "{CD154B9F-16E6-489C-BF63-019B923DAF45}"
EndProject
Project("{FAE04EC0-301F-11D3-BF4B-00C04F79EFBC}") = "Homework02", "Homework02\Homework02.csproj", "{1397A5BA-41BB-4B5C-A958-02E9FDA361F1}"
EndProject
Project("{FAE04EC0-301F-11D3-BF4B-00C04F79EFBC}") = "Homework03", "Homework03\Homework03.csproj", "{D88542F5-73FD-455A-9427-059152305416}"
EndProject
Project("{2150E333-8FDC-42A3-9474-1A3956D46DE8}") = "HomeWork04", "HomeWork04", "{F6FFB421-BE7E-4AE5-A411-63F435098FB0}"
EndProject
Project("{FAE04EC0-301F-11D3-BF4B-00C04F79EFBC}") = "Homework04Task01", "Homework04Task01\Homework04Task01.csproj", "{5FD8C87B-60EB-48E1-9B75-447D2D15E530}"
EndProject
Project("{FAE04EC0-301F-11D3-BF4B-00C04F79EFBC}") = "Homework04Task02", "Homework04Task02\Homework04Task02.csproj", "{717D20E9-18C0-4FC1-A1B7-166FEE3C5C51}"
EndProject
Project("{2150E333-8FDC-42A3-9474-1A3956D46DE8}") = "Homework05", "Homework05", "{E573B09B-0B23-41ED-995E-51742F5FC53C}"
EndProject
Project("{FAE04EC0-301F-11D3-BF4B-00C04F79EFBC}") = "Homework05Task01", "Homework05Task01\Homework05Task01.csproj", "{FECD4121-DFAB-4AF7-9C16-2E402B1FACE2}"
EndProject
Project("{FAE04EC0-301F-11D3-BF4B-00C04F79EFBC}") = "Homework05Task02", "Homework05Task02\Homework05Task02.csproj", "{58308E51-2F7A-4200-B37E-7F9B16499654}"
EndProject
Project("{2150E333-8FDC-42A3-9474-1A3956D46DE8}") = "Homework06", "Homework06", "{382185B0-8411-4506-80FC-81DF2C4A4A09}"
EndProject
Project("{FAE04EC0-301F-11D3-BF4B-00C04F79EFBC}") = "Homework06-07", "Homework06-07\Homework06-07.csproj", "{88A2957A-ED0B-40C3-BC85-E2E2B1DCD632}"
EndProject
Project("{FAE04EC0-301F-11D3-BF4B-00C04F79EFBC}") = "Utilites", "Utilites\Utilites.csproj", "{4E4FF3A3-B8B1-4820-A9F0-908E61E7C3AE}"
EndProject
Project("{2150E333-8FDC-42A3-9474-1A3956D46DE8}") = "Homework08", "Homework08", "{A835F7D4-30F6-4903-9762-4FC0002CB07F}"
EndProject
Project("{FAE04EC0-301F-11D3-BF4B-00C04F79EFBC}") = "Homework08Task01", "Homework08Task01\Homework08Task01.csproj", "{2D0E2BB4-2307-44DE-BE44-687C24F49D93}"
EndProject
Project("{FAE04EC0-301F-11D3-BF4B-00C04F79EFBC}") = "Homework08Task02", "Homework08Task02\Homework08Task02.csproj", "{C9CAAB42-B1D3-4B10-96CA-AC88501BC2D7}"
EndProject
Project("{FAE04EC0-301F-11D3-BF4B-00C04F79EFBC}") = "Homework08Task03", "Homework08Task03\Homework08Task03.csproj", "{6B1E0755-8DCA-4750-8F3D-77B1BDD85018}"
EndProject
Project("{FAE04EC0-301F-11D3-BF4B-00C04F79EFBC}") = "Homework08Task04", "Homework08Task04\Homework08Task04.csproj", "{93E50314-B63F-446F-8F48-E9468F04916F}"
EndProject
Project("{2150E333-8FDC-42A3-9474-1A3956D46DE8}") = "Homework09", "Homework09", "{82AF3972-9365-4571-BE0E-874055E317BC}"
EndProject
Project("{9A19103F-16F7-4668-BE54-9A1E7A4F7556}") = "Homework09", "Homework09\Homework09.csproj", "{D838C075-7E83-4A3D-A601-F2208A64ACDA}"
EndProject
Project("{2150E333-8FDC-42A3-9474-1A3956D46DE8}") = "Homework10", "Homework10", "{3CF5AD4B-423D-4BDF-9F50-728651B8D9F3}"
EndProject
Project("{9A19103F-16F7-4668-BE54-9A1E7A4F7556}") = "Database", "Homework10\Database.csproj", "{88680159-375E-4367-B49C-9330B602BBD3}"
EndProject
Project("{9A19103F-16F7-4668-BE54-9A1E7A4F7556}") = "ClientWFP", "Homework\ClientWFP.csproj", "{1F17CCCC-F457-4644-BFBE-07D53C91B603}"
EndProject
Project("{2150E333-8FDC-42A3-9474-1A3956D46DE8}") = "Homework12", "Homework12", "{6DD84CD7-82DE-435C-8D51-B4707117AC54}"
EndProject
Project("{9A19103F-16F7-4668-BE54-9A1E7A4F7556}") = "BankSystem", "BankSystem\BankSystem.csproj", "{FFD3958A-A35F-4EFA-BAAE-DA2E6248E507}"
EndProject
Project("{9A19103F-16F7-4668-BE54-9A1E7A4F7556}") = "BankSystemLogic", "BankSystemLogic\BankSystemLogic.csproj", "{3D624111-D444-4D64-A48D-8E482BFDF3A3}"
EndProject
Project("{2150E333-8FDC-42A3-9474-1A3956D46DE8}") = "Homework18", "Homework18", "{A899B990-1BE8-44E2-95A3-1CF0A161D243}"
EndProject
Project("{2150E333-8FDC-42A3-9474-1A3956D46DE8}") = "Homework16", "Homework16", "{FF854470-7228-4097-BD74-986D25D9A92F}"
EndProject
Project("{FAE04EC0-301F-11D3-BF4B-00C04F79EFBC}") = "DataBaseADO", "DataBaseADO\DataBaseADO.csproj", "{861110C4-69AD-43F1-B8FA-3043ED17F3E1}"
EndProject
Project("{FAE04EC0-301F-11D3-BF4B-00C04F79EFBC}") = "TestADO", "TestADO\TestADO.csproj", "{45F07ACA-3BBD-4AE5-9B13-7778100CA08F}"
EndProject
Project("{9A19103F-16F7-4668-BE54-9A1E7A4F7556}") = "ElectronicShop", "ElectronicShop\ElectronicShop.csproj", "{4216F31D-EAAC-4F83-A0FD-431F3F307A1D}"
EndProject
Project("{2150E333-8FDC-42A3-9474-1A3956D46DE8}") = "Homework17", "Homework17", "{CACEDD5C-6AAB-4205-A4A8-3993BF7F8207}"
EndProject
Project("{9A19103F-16F7-4668-BE54-9A1E7A4F7556}") = "DatabaseEF", "DatabaseEF\DatabaseEF.csproj", "{3BAFE58B-8962-4F37-AB45-38E70D727840}"
EndProject
Project("{9A19103F-16F7-4668-BE54-9A1E7A4F7556}") = "TestEF", "TestEF\TestEF.csproj", "{DD0E828B-41AE-4351-9452-CB8F77566A1C}"
EndProject
Project("{9A19103F-16F7-4668-BE54-9A1E7A4F7556}") = "ZooRepositoryView", "ZooRepositoryView\ZooRepositoryView.csproj", "{BCAB2119-7493-495E-893C-E1AF531566AA}"
EndProject
Project("{9A19103F-16F7-4668-BE54-9A1E7A4F7556}") = "ZooRepositoryModel", "ZooRepositoryModel\ZooRepositoryModel.csproj", "{BAFF1D9D-97F0-48A6-9BFE-4C03E5B40A78}"
EndProject
Project("{2150E333-8FDC-42A3-9474-1A3956D46DE8}") = "Homework19", "Homework19", "{7480940F-79AC-47CC-B4EA-8ECB42B3930E}"
EndProject
Project("{FAE04EC0-301F-11D3-BF4B-00C04F79EFBC}") = "PhoneNotes", "PhoneNotes\PhoneNotes.csproj", "{11A63C34-2D0C-499B-9730-B316C5E6D7ED}"
EndProject
Project("{FAE04EC0-301F-11D3-BF4B-00C04F79EFBC}") = "DatabasePN", "DatabasePN\DatabasePN.csproj", "{E5F9C6DE-0B81-435C-96BA-5524CCA85CA6}"
EndProject
Global
	GlobalSection(SolutionConfigurationPlatforms) = preSolution
		Debug|Any CPU = Debug|Any CPU
		Release|Any CPU = Release|Any CPU
	EndGlobalSection
	GlobalSection(ProjectConfigurationPlatforms) = postSolution
		{CD154B9F-16E6-489C-BF63-019B923DAF45}.Debug|Any CPU.ActiveCfg = Debug|Any CPU
		{CD154B9F-16E6-489C-BF63-019B923DAF45}.Debug|Any CPU.Build.0 = Debug|Any CPU
		{CD154B9F-16E6-489C-BF63-019B923DAF45}.Release|Any CPU.ActiveCfg = Release|Any CPU
		{CD154B9F-16E6-489C-BF63-019B923DAF45}.Release|Any CPU.Build.0 = Release|Any CPU
		{1397A5BA-41BB-4B5C-A958-02E9FDA361F1}.Debug|Any CPU.ActiveCfg = Debug|Any CPU
		{1397A5BA-41BB-4B5C-A958-02E9FDA361F1}.Debug|Any CPU.Build.0 = Debug|Any CPU
		{1397A5BA-41BB-4B5C-A958-02E9FDA361F1}.Release|Any CPU.ActiveCfg = Release|Any CPU
		{1397A5BA-41BB-4B5C-A958-02E9FDA361F1}.Release|Any CPU.Build.0 = Release|Any CPU
		{D88542F5-73FD-455A-9427-059152305416}.Debug|Any CPU.ActiveCfg = Debug|Any CPU
		{D88542F5-73FD-455A-9427-059152305416}.Debug|Any CPU.Build.0 = Debug|Any CPU
		{D88542F5-73FD-455A-9427-059152305416}.Release|Any CPU.ActiveCfg = Release|Any CPU
		{D88542F5-73FD-455A-9427-059152305416}.Release|Any CPU.Build.0 = Release|Any CPU
		{5FD8C87B-60EB-48E1-9B75-447D2D15E530}.Debug|Any CPU.ActiveCfg = Debug|Any CPU
		{5FD8C87B-60EB-48E1-9B75-447D2D15E530}.Debug|Any CPU.Build.0 = Debug|Any CPU
		{5FD8C87B-60EB-48E1-9B75-447D2D15E530}.Release|Any CPU.ActiveCfg = Release|Any CPU
		{5FD8C87B-60EB-48E1-9B75-447D2D15E530}.Release|Any CPU.Build.0 = Release|Any CPU
		{717D20E9-18C0-4FC1-A1B7-166FEE3C5C51}.Debug|Any CPU.ActiveCfg = Debug|Any CPU
		{717D20E9-18C0-4FC1-A1B7-166FEE3C5C51}.Debug|Any CPU.Build.0 = Debug|Any CPU
		{717D20E9-18C0-4FC1-A1B7-166FEE3C5C51}.Release|Any CPU.ActiveCfg = Release|Any CPU
		{717D20E9-18C0-4FC1-A1B7-166FEE3C5C51}.Release|Any CPU.Build.0 = Release|Any CPU
		{FECD4121-DFAB-4AF7-9C16-2E402B1FACE2}.Debug|Any CPU.ActiveCfg = Debug|Any CPU
		{FECD4121-DFAB-4AF7-9C16-2E402B1FACE2}.Debug|Any CPU.Build.0 = Debug|Any CPU
		{FECD4121-DFAB-4AF7-9C16-2E402B1FACE2}.Release|Any CPU.ActiveCfg = Release|Any CPU
		{FECD4121-DFAB-4AF7-9C16-2E402B1FACE2}.Release|Any CPU.Build.0 = Release|Any CPU
		{58308E51-2F7A-4200-B37E-7F9B16499654}.Debug|Any CPU.ActiveCfg = Debug|Any CPU
		{58308E51-2F7A-4200-B37E-7F9B16499654}.Debug|Any CPU.Build.0 = Debug|Any CPU
		{58308E51-2F7A-4200-B37E-7F9B16499654}.Release|Any CPU.ActiveCfg = Release|Any CPU
		{58308E51-2F7A-4200-B37E-7F9B16499654}.Release|Any CPU.Build.0 = Release|Any CPU
		{88A2957A-ED0B-40C3-BC85-E2E2B1DCD632}.Debug|Any CPU.ActiveCfg = Debug|Any CPU
		{88A2957A-ED0B-40C3-BC85-E2E2B1DCD632}.Debug|Any CPU.Build.0 = Debug|Any CPU
		{88A2957A-ED0B-40C3-BC85-E2E2B1DCD632}.Release|Any CPU.ActiveCfg = Release|Any CPU
		{88A2957A-ED0B-40C3-BC85-E2E2B1DCD632}.Release|Any CPU.Build.0 = Release|Any CPU
		{4E4FF3A3-B8B1-4820-A9F0-908E61E7C3AE}.Debug|Any CPU.ActiveCfg = Debug|Any CPU
		{4E4FF3A3-B8B1-4820-A9F0-908E61E7C3AE}.Debug|Any CPU.Build.0 = Debug|Any CPU
		{4E4FF3A3-B8B1-4820-A9F0-908E61E7C3AE}.Release|Any CPU.ActiveCfg = Release|Any CPU
		{4E4FF3A3-B8B1-4820-A9F0-908E61E7C3AE}.Release|Any CPU.Build.0 = Release|Any CPU
		{2D0E2BB4-2307-44DE-BE44-687C24F49D93}.Debug|Any CPU.ActiveCfg = Debug|Any CPU
		{2D0E2BB4-2307-44DE-BE44-687C24F49D93}.Debug|Any CPU.Build.0 = Debug|Any CPU
		{2D0E2BB4-2307-44DE-BE44-687C24F49D93}.Release|Any CPU.ActiveCfg = Release|Any CPU
		{2D0E2BB4-2307-44DE-BE44-687C24F49D93}.Release|Any CPU.Build.0 = Release|Any CPU
		{C9CAAB42-B1D3-4B10-96CA-AC88501BC2D7}.Debug|Any CPU.ActiveCfg = Debug|Any CPU
		{C9CAAB42-B1D3-4B10-96CA-AC88501BC2D7}.Debug|Any CPU.Build.0 = Debug|Any CPU
		{C9CAAB42-B1D3-4B10-96CA-AC88501BC2D7}.Release|Any CPU.ActiveCfg = Release|Any CPU
		{C9CAAB42-B1D3-4B10-96CA-AC88501BC2D7}.Release|Any CPU.Build.0 = Release|Any CPU
		{6B1E0755-8DCA-4750-8F3D-77B1BDD85018}.Debug|Any CPU.ActiveCfg = Debug|Any CPU
		{6B1E0755-8DCA-4750-8F3D-77B1BDD85018}.Debug|Any CPU.Build.0 = Debug|Any CPU
		{6B1E0755-8DCA-4750-8F3D-77B1BDD85018}.Release|Any CPU.ActiveCfg = Release|Any CPU
		{6B1E0755-8DCA-4750-8F3D-77B1BDD85018}.Release|Any CPU.Build.0 = Release|Any CPU
		{93E50314-B63F-446F-8F48-E9468F04916F}.Debug|Any CPU.ActiveCfg = Debug|Any CPU
		{93E50314-B63F-446F-8F48-E9468F04916F}.Debug|Any CPU.Build.0 = Debug|Any CPU
		{93E50314-B63F-446F-8F48-E9468F04916F}.Release|Any CPU.ActiveCfg = Release|Any CPU
		{93E50314-B63F-446F-8F48-E9468F04916F}.Release|Any CPU.Build.0 = Release|Any CPU
		{D838C075-7E83-4A3D-A601-F2208A64ACDA}.Debug|Any CPU.ActiveCfg = Debug|Any CPU
		{D838C075-7E83-4A3D-A601-F2208A64ACDA}.Debug|Any CPU.Build.0 = Debug|Any CPU
		{D838C075-7E83-4A3D-A601-F2208A64ACDA}.Release|Any CPU.ActiveCfg = Release|Any CPU
		{D838C075-7E83-4A3D-A601-F2208A64ACDA}.Release|Any CPU.Build.0 = Release|Any CPU
		{88680159-375E-4367-B49C-9330B602BBD3}.Debug|Any CPU.ActiveCfg = Debug|Any CPU
		{88680159-375E-4367-B49C-9330B602BBD3}.Debug|Any CPU.Build.0 = Debug|Any CPU
		{88680159-375E-4367-B49C-9330B602BBD3}.Release|Any CPU.ActiveCfg = Release|Any CPU
		{88680159-375E-4367-B49C-9330B602BBD3}.Release|Any CPU.Build.0 = Release|Any CPU
		{1F17CCCC-F457-4644-BFBE-07D53C91B603}.Debug|Any CPU.ActiveCfg = Debug|Any CPU
		{1F17CCCC-F457-4644-BFBE-07D53C91B603}.Debug|Any CPU.Build.0 = Debug|Any CPU
		{1F17CCCC-F457-4644-BFBE-07D53C91B603}.Release|Any CPU.ActiveCfg = Release|Any CPU
		{1F17CCCC-F457-4644-BFBE-07D53C91B603}.Release|Any CPU.Build.0 = Release|Any CPU
		{FFD3958A-A35F-4EFA-BAAE-DA2E6248E507}.Debug|Any CPU.ActiveCfg = Debug|Any CPU
		{FFD3958A-A35F-4EFA-BAAE-DA2E6248E507}.Debug|Any CPU.Build.0 = Debug|Any CPU
		{FFD3958A-A35F-4EFA-BAAE-DA2E6248E507}.Release|Any CPU.ActiveCfg = Release|Any CPU
		{FFD3958A-A35F-4EFA-BAAE-DA2E6248E507}.Release|Any CPU.Build.0 = Release|Any CPU
		{3D624111-D444-4D64-A48D-8E482BFDF3A3}.Debug|Any CPU.ActiveCfg = Debug|Any CPU
		{3D624111-D444-4D64-A48D-8E482BFDF3A3}.Debug|Any CPU.Build.0 = Debug|Any CPU
		{3D624111-D444-4D64-A48D-8E482BFDF3A3}.Release|Any CPU.ActiveCfg = Release|Any CPU
		{3D624111-D444-4D64-A48D-8E482BFDF3A3}.Release|Any CPU.Build.0 = Release|Any CPU
		{861110C4-69AD-43F1-B8FA-3043ED17F3E1}.Debug|Any CPU.ActiveCfg = Debug|Any CPU
		{861110C4-69AD-43F1-B8FA-3043ED17F3E1}.Debug|Any CPU.Build.0 = Debug|Any CPU
		{861110C4-69AD-43F1-B8FA-3043ED17F3E1}.Release|Any CPU.ActiveCfg = Release|Any CPU
		{861110C4-69AD-43F1-B8FA-3043ED17F3E1}.Release|Any CPU.Build.0 = Release|Any CPU
		{45F07ACA-3BBD-4AE5-9B13-7778100CA08F}.Debug|Any CPU.ActiveCfg = Debug|Any CPU
		{45F07ACA-3BBD-4AE5-9B13-7778100CA08F}.Debug|Any CPU.Build.0 = Debug|Any CPU
		{45F07ACA-3BBD-4AE5-9B13-7778100CA08F}.Release|Any CPU.ActiveCfg = Release|Any CPU
		{45F07ACA-3BBD-4AE5-9B13-7778100CA08F}.Release|Any CPU.Build.0 = Release|Any CPU
		{4216F31D-EAAC-4F83-A0FD-431F3F307A1D}.Debug|Any CPU.ActiveCfg = Debug|Any CPU
		{4216F31D-EAAC-4F83-A0FD-431F3F307A1D}.Debug|Any CPU.Build.0 = Debug|Any CPU
		{4216F31D-EAAC-4F83-A0FD-431F3F307A1D}.Release|Any CPU.ActiveCfg = Release|Any CPU
		{4216F31D-EAAC-4F83-A0FD-431F3F307A1D}.Release|Any CPU.Build.0 = Release|Any CPU
		{3BAFE58B-8962-4F37-AB45-38E70D727840}.Debug|Any CPU.ActiveCfg = Debug|Any CPU
		{3BAFE58B-8962-4F37-AB45-38E70D727840}.Debug|Any CPU.Build.0 = Debug|Any CPU
		{3BAFE58B-8962-4F37-AB45-38E70D727840}.Release|Any CPU.ActiveCfg = Release|Any CPU
		{3BAFE58B-8962-4F37-AB45-38E70D727840}.Release|Any CPU.Build.0 = Release|Any CPU
		{DD0E828B-41AE-4351-9452-CB8F77566A1C}.Debug|Any CPU.ActiveCfg = Debug|Any CPU
		{DD0E828B-41AE-4351-9452-CB8F77566A1C}.Debug|Any CPU.Build.0 = Debug|Any CPU
		{DD0E828B-41AE-4351-9452-CB8F77566A1C}.Release|Any CPU.ActiveCfg = Release|Any CPU
		{DD0E828B-41AE-4351-9452-CB8F77566A1C}.Release|Any CPU.Build.0 = Release|Any CPU
		{BCAB2119-7493-495E-893C-E1AF531566AA}.Debug|Any CPU.ActiveCfg = Debug|Any CPU
		{BCAB2119-7493-495E-893C-E1AF531566AA}.Debug|Any CPU.Build.0 = Debug|Any CPU
		{BCAB2119-7493-495E-893C-E1AF531566AA}.Release|Any CPU.ActiveCfg = Release|Any CPU
		{BCAB2119-7493-495E-893C-E1AF531566AA}.Release|Any CPU.Build.0 = Release|Any CPU
		{BAFF1D9D-97F0-48A6-9BFE-4C03E5B40A78}.Debug|Any CPU.ActiveCfg = Debug|Any CPU
		{BAFF1D9D-97F0-48A6-9BFE-4C03E5B40A78}.Debug|Any CPU.Build.0 = Debug|Any CPU
		{BAFF1D9D-97F0-48A6-9BFE-4C03E5B40A78}.Release|Any CPU.ActiveCfg = Release|Any CPU
		{BAFF1D9D-97F0-48A6-9BFE-4C03E5B40A78}.Release|Any CPU.Build.0 = Release|Any CPU
		{11A63C34-2D0C-499B-9730-B316C5E6D7ED}.Debug|Any CPU.ActiveCfg = Debug|Any CPU
		{11A63C34-2D0C-499B-9730-B316C5E6D7ED}.Debug|Any CPU.Build.0 = Debug|Any CPU
		{11A63C34-2D0C-499B-9730-B316C5E6D7ED}.Release|Any CPU.ActiveCfg = Release|Any CPU
		{11A63C34-2D0C-499B-9730-B316C5E6D7ED}.Release|Any CPU.Build.0 = Release|Any CPU
		{E5F9C6DE-0B81-435C-96BA-5524CCA85CA6}.Debug|Any CPU.ActiveCfg = Debug|Any CPU
		{E5F9C6DE-0B81-435C-96BA-5524CCA85CA6}.Debug|Any CPU.Build.0 = Debug|Any CPU
		{E5F9C6DE-0B81-435C-96BA-5524CCA85CA6}.Release|Any CPU.ActiveCfg = Release|Any CPU
		{E5F9C6DE-0B81-435C-96BA-5524CCA85CA6}.Release|Any CPU.Build.0 = Release|Any CPU
	EndGlobalSection
	GlobalSection(SolutionProperties) = preSolution
		HideSolutionNode = FALSE
	EndGlobalSection
	GlobalSection(NestedProjects) = preSolution
		{5FD8C87B-60EB-48E1-9B75-447D2D15E530} = {F6FFB421-BE7E-4AE5-A411-63F435098FB0}
		{717D20E9-18C0-4FC1-A1B7-166FEE3C5C51} = {F6FFB421-BE7E-4AE5-A411-63F435098FB0}
		{FECD4121-DFAB-4AF7-9C16-2E402B1FACE2} = {E573B09B-0B23-41ED-995E-51742F5FC53C}
		{58308E51-2F7A-4200-B37E-7F9B16499654} = {E573B09B-0B23-41ED-995E-51742F5FC53C}
		{88A2957A-ED0B-40C3-BC85-E2E2B1DCD632} = {382185B0-8411-4506-80FC-81DF2C4A4A09}
		{2D0E2BB4-2307-44DE-BE44-687C24F49D93} = {A835F7D4-30F6-4903-9762-4FC0002CB07F}
		{C9CAAB42-B1D3-4B10-96CA-AC88501BC2D7} = {A835F7D4-30F6-4903-9762-4FC0002CB07F}
		{6B1E0755-8DCA-4750-8F3D-77B1BDD85018} = {A835F7D4-30F6-4903-9762-4FC0002CB07F}
		{93E50314-B63F-446F-8F48-E9468F04916F} = {A835F7D4-30F6-4903-9762-4FC0002CB07F}
		{D838C075-7E83-4A3D-A601-F2208A64ACDA} = {82AF3972-9365-4571-BE0E-874055E317BC}
		{88680159-375E-4367-B49C-9330B602BBD3} = {3CF5AD4B-423D-4BDF-9F50-728651B8D9F3}
		{1F17CCCC-F457-4644-BFBE-07D53C91B603} = {3CF5AD4B-423D-4BDF-9F50-728651B8D9F3}
		{FFD3958A-A35F-4EFA-BAAE-DA2E6248E507} = {6DD84CD7-82DE-435C-8D51-B4707117AC54}
		{3D624111-D444-4D64-A48D-8E482BFDF3A3} = {6DD84CD7-82DE-435C-8D51-B4707117AC54}
		{861110C4-69AD-43F1-B8FA-3043ED17F3E1} = {FF854470-7228-4097-BD74-986D25D9A92F}
		{45F07ACA-3BBD-4AE5-9B13-7778100CA08F} = {FF854470-7228-4097-BD74-986D25D9A92F}
		{4216F31D-EAAC-4F83-A0FD-431F3F307A1D} = {FF854470-7228-4097-BD74-986D25D9A92F}
		{3BAFE58B-8962-4F37-AB45-38E70D727840} = {CACEDD5C-6AAB-4205-A4A8-3993BF7F8207}
		{DD0E828B-41AE-4351-9452-CB8F77566A1C} = {CACEDD5C-6AAB-4205-A4A8-3993BF7F8207}
		{BCAB2119-7493-495E-893C-E1AF531566AA} = {A899B990-1BE8-44E2-95A3-1CF0A161D243}
		{BAFF1D9D-97F0-48A6-9BFE-4C03E5B40A78} = {A899B990-1BE8-44E2-95A3-1CF0A161D243}
		{11A63C34-2D0C-499B-9730-B316C5E6D7ED} = {7480940F-79AC-47CC-B4EA-8ECB42B3930E}
		{E5F9C6DE-0B81-435C-96BA-5524CCA85CA6} = {7480940F-79AC-47CC-B4EA-8ECB42B3930E}
	EndGlobalSection
	GlobalSection(ExtensibilityGlobals) = postSolution
		SolutionGuid = {AC5F1EAA-0193-42D5-B7D3-C529CE783D36}
	EndGlobalSection
EndGlobal
